PODS:
  - SnapchatSwipeContainer (0.1.0)

DEPENDENCIES:
  - SnapchatSwipeContainer (from `../`)

EXTERNAL SOURCES:
  SnapchatSwipeContainer:
    :path: "../"

SPEC CHECKSUMS:
  SnapchatSwipeContainer: a724a24bc61a492654de34a7283c4b946a1ef86a

PODFILE CHECKSUM: 9bbfa4879f00c1fa5486335ac7932257790c6807

COCOAPODS: 1.2.0
